// !$*UTF8*$!
{
	archiveVersion = 1;
	classes = {
	};
	objectVersion = 50;
	objects = {

/* Begin PBXBuildFile section */
		19874B89263F34A900B172DE /* GiftstoryApp.swift in Sources */ = {isa = PBXBuildFile; fileRef = 19874B88263F34A900B172DE /* GiftstoryApp.swift */; };
		19874B8B263F34A900B172DE /* LoginView.swift in Sources */ = {isa = PBXBuildFile; fileRef = 19874B8A263F34A900B172DE /* LoginView.swift */; };
		19874B8D263F34AD00B172DE /* Assets.xcassets in Resources */ = {isa = PBXBuildFile; fileRef = 19874B8C263F34AD00B172DE /* Assets.xcassets */; };
		19874B90263F34AD00B172DE /* Preview Assets.xcassets in Resources */ = {isa = PBXBuildFile; fileRef = 19874B8F263F34AD00B172DE /* Preview Assets.xcassets */; };
		19874B9B263F34AD00B172DE /* GiftstoryTests.swift in Sources */ = {isa = PBXBuildFile; fileRef = 19874B9A263F34AD00B172DE /* GiftstoryTests.swift */; };
		19874BA6263F34AD00B172DE /* GiftstoryUITests.swift in Sources */ = {isa = PBXBuildFile; fileRef = 19874BA5263F34AD00B172DE /* GiftstoryUITests.swift */; };
		19874BBD263F42A000B172DE /* RegistrationView.swift in Sources */ = {isa = PBXBuildFile; fileRef = 19874BBC263F42A000B172DE /* RegistrationView.swift */; };
		19874BCC263F4CBF00B172DE /* ForgotPasswordView.swift in Sources */ = {isa = PBXBuildFile; fileRef = 19874BCB263F4CBF00B172DE /* ForgotPasswordView.swift */; };
		19874BD2263F4ED500B172DE /* LoginViewModel.swift in Sources */ = {isa = PBXBuildFile; fileRef = 19874BD1263F4ED500B172DE /* LoginViewModel.swift */; };
		19874BD8263F4F1000B172DE /* APIFetchState.swift in Sources */ = {isa = PBXBuildFile; fileRef = 19874BD7263F4F1000B172DE /* APIFetchState.swift */; };
		19874BDE263F4F4B00B172DE /* AccountService.swift in Sources */ = {isa = PBXBuildFile; fileRef = 19874BDD263F4F4B00B172DE /* AccountService.swift */; };
		19874BE3263F4F9900B172DE /* APIServiceable.swift in Sources */ = {isa = PBXBuildFile; fileRef = 19874BE2263F4F9900B172DE /* APIServiceable.swift */; };
		19874BE8263F4FAD00B172DE /* APIRequestable.swift in Sources */ = {isa = PBXBuildFile; fileRef = 19874BE7263F4FAD00B172DE /* APIRequestable.swift */; };
		19874BEF263F500600B172DE /* LoginRequest.swift in Sources */ = {isa = PBXBuildFile; fileRef = 19874BEE263F500600B172DE /* LoginRequest.swift */; };
		19874BF8263F50D900B172DE /* Constants.swift in Sources */ = {isa = PBXBuildFile; fileRef = 19874BF7263F50D900B172DE /* Constants.swift */; };
		19874C00263F520800B172DE /* APIResponse.swift in Sources */ = {isa = PBXBuildFile; fileRef = 19874BFF263F520800B172DE /* APIResponse.swift */; };
		19874C08263F60E100B172DE /* HomeView.swift in Sources */ = {isa = PBXBuildFile; fileRef = 19874C07263F60E100B172DE /* HomeView.swift */; };
		19874C20263F86E600B172DE /* Date+Extensions.swift in Sources */ = {isa = PBXBuildFile; fileRef = 19874C1F263F86E600B172DE /* Date+Extensions.swift */; };
		19874C28263F86FC00B172DE /* String+Extensions.swift in Sources */ = {isa = PBXBuildFile; fileRef = 19874C27263F86FC00B172DE /* String+Extensions.swift */; };
		19874C34263FA47100B172DE /* ForgotPasswordRequest.swift in Sources */ = {isa = PBXBuildFile; fileRef = 19874C33263FA47100B172DE /* ForgotPasswordRequest.swift */; };
		19874C40263FA53500B172DE /* ForgotPasswordViewModel.swift in Sources */ = {isa = PBXBuildFile; fileRef = 19874C3F263FA53500B172DE /* ForgotPasswordViewModel.swift */; };
		19874C46263FA98200B172DE /* RegistrationViewModel.swift in Sources */ = {isa = PBXBuildFile; fileRef = 19874C45263FA98200B172DE /* RegistrationViewModel.swift */; };
		19874C4E263FA9CB00B172DE /* AccountRegistrationRequest.swift in Sources */ = {isa = PBXBuildFile; fileRef = 19874C4D263FA9CB00B172DE /* AccountRegistrationRequest.swift */; };
/* End PBXBuildFile section */

/* Begin PBXContainerItemProxy section */
		19874B97263F34AD00B172DE /* PBXContainerItemProxy */ = {
			isa = PBXContainerItemProxy;
			containerPortal = 19874B7D263F34A900B172DE /* Project object */;
			proxyType = 1;
			remoteGlobalIDString = 19874B84263F34A900B172DE;
			remoteInfo = Giftstory;
		};
		19874BA2263F34AD00B172DE /* PBXContainerItemProxy */ = {
			isa = PBXContainerItemProxy;
			containerPortal = 19874B7D263F34A900B172DE /* Project object */;
			proxyType = 1;
			remoteGlobalIDString = 19874B84263F34A900B172DE;
			remoteInfo = Giftstory;
		};
/* End PBXContainerItemProxy section */

/* Begin PBXFileReference section */
		19874B85263F34A900B172DE /* Giftstory.app */ = {isa = PBXFileReference; explicitFileType = wrapper.application; includeInIndex = 0; path = Giftstory.app; sourceTree = BUILT_PRODUCTS_DIR; };
		19874B88263F34A900B172DE /* GiftstoryApp.swift */ = {isa = PBXFileReference; lastKnownFileType = sourcecode.swift; path = GiftstoryApp.swift; sourceTree = "<group>"; };
		19874B8A263F34A900B172DE /* LoginView.swift */ = {isa = PBXFileReference; lastKnownFileType = sourcecode.swift; path = LoginView.swift; sourceTree = "<group>"; };
		19874B8C263F34AD00B172DE /* Assets.xcassets */ = {isa = PBXFileReference; lastKnownFileType = folder.assetcatalog; path = Assets.xcassets; sourceTree = "<group>"; };
		19874B8F263F34AD00B172DE /* Preview Assets.xcassets */ = {isa = PBXFileReference; lastKnownFileType = folder.assetcatalog; path = "Preview Assets.xcassets"; sourceTree = "<group>"; };
		19874B91263F34AD00B172DE /* Info.plist */ = {isa = PBXFileReference; lastKnownFileType = text.plist.xml; path = Info.plist; sourceTree = "<group>"; };
		19874B96263F34AD00B172DE /* GiftstoryTests.xctest */ = {isa = PBXFileReference; explicitFileType = wrapper.cfbundle; includeInIndex = 0; path = GiftstoryTests.xctest; sourceTree = BUILT_PRODUCTS_DIR; };
		19874B9A263F34AD00B172DE /* GiftstoryTests.swift */ = {isa = PBXFileReference; lastKnownFileType = sourcecode.swift; path = GiftstoryTests.swift; sourceTree = "<group>"; };
		19874B9C263F34AD00B172DE /* Info.plist */ = {isa = PBXFileReference; lastKnownFileType = text.plist.xml; path = Info.plist; sourceTree = "<group>"; };
		19874BA1263F34AD00B172DE /* GiftstoryUITests.xctest */ = {isa = PBXFileReference; explicitFileType = wrapper.cfbundle; includeInIndex = 0; path = GiftstoryUITests.xctest; sourceTree = BUILT_PRODUCTS_DIR; };
		19874BA5263F34AD00B172DE /* GiftstoryUITests.swift */ = {isa = PBXFileReference; lastKnownFileType = sourcecode.swift; path = GiftstoryUITests.swift; sourceTree = "<group>"; };
		19874BA7263F34AD00B172DE /* Info.plist */ = {isa = PBXFileReference; lastKnownFileType = text.plist.xml; path = Info.plist; sourceTree = "<group>"; };
		19874BBC263F42A000B172DE /* RegistrationView.swift */ = {isa = PBXFileReference; lastKnownFileType = sourcecode.swift; path = RegistrationView.swift; sourceTree = "<group>"; };
		19874BCB263F4CBF00B172DE /* ForgotPasswordView.swift */ = {isa = PBXFileReference; lastKnownFileType = sourcecode.swift; path = ForgotPasswordView.swift; sourceTree = "<group>"; };
		19874BD1263F4ED500B172DE /* LoginViewModel.swift */ = {isa = PBXFileReference; lastKnownFileType = sourcecode.swift; path = LoginViewModel.swift; sourceTree = "<group>"; };
		19874BD7263F4F1000B172DE /* APIFetchState.swift */ = {isa = PBXFileReference; lastKnownFileType = sourcecode.swift; path = APIFetchState.swift; sourceTree = "<group>"; };
		19874BDD263F4F4B00B172DE /* AccountService.swift */ = {isa = PBXFileReference; lastKnownFileType = sourcecode.swift; path = AccountService.swift; sourceTree = "<group>"; };
		19874BE2263F4F9900B172DE /* APIServiceable.swift */ = {isa = PBXFileReference; lastKnownFileType = sourcecode.swift; path = APIServiceable.swift; sourceTree = "<group>"; };
		19874BE7263F4FAD00B172DE /* APIRequestable.swift */ = {isa = PBXFileReference; lastKnownFileType = sourcecode.swift; path = APIRequestable.swift; sourceTree = "<group>"; };
		19874BEE263F500600B172DE /* LoginRequest.swift */ = {isa = PBXFileReference; lastKnownFileType = sourcecode.swift; path = LoginRequest.swift; sourceTree = "<group>"; };
		19874BF7263F50D900B172DE /* Constants.swift */ = {isa = PBXFileReference; lastKnownFileType = sourcecode.swift; path = Constants.swift; sourceTree = "<group>"; };
		19874BFF263F520800B172DE /* APIResponse.swift */ = {isa = PBXFileReference; lastKnownFileType = sourcecode.swift; path = APIResponse.swift; sourceTree = "<group>"; };
		19874C07263F60E100B172DE /* HomeView.swift */ = {isa = PBXFileReference; lastKnownFileType = sourcecode.swift; path = HomeView.swift; sourceTree = "<group>"; };
		19874C1F263F86E600B172DE /* Date+Extensions.swift */ = {isa = PBXFileReference; lastKnownFileType = sourcecode.swift; path = "Date+Extensions.swift"; sourceTree = "<group>"; };
		19874C27263F86FC00B172DE /* String+Extensions.swift */ = {isa = PBXFileReference; lastKnownFileType = sourcecode.swift; path = "String+Extensions.swift"; sourceTree = "<group>"; };
		19874C33263FA47100B172DE /* ForgotPasswordRequest.swift */ = {isa = PBXFileReference; lastKnownFileType = sourcecode.swift; path = ForgotPasswordRequest.swift; sourceTree = "<group>"; };
		19874C3F263FA53500B172DE /* ForgotPasswordViewModel.swift */ = {isa = PBXFileReference; lastKnownFileType = sourcecode.swift; path = ForgotPasswordViewModel.swift; sourceTree = "<group>"; };
		19874C45263FA98200B172DE /* RegistrationViewModel.swift */ = {isa = PBXFileReference; lastKnownFileType = sourcecode.swift; path = RegistrationViewModel.swift; sourceTree = "<group>"; };
		19874C4D263FA9CB00B172DE /* AccountRegistrationRequest.swift */ = {isa = PBXFileReference; lastKnownFileType = sourcecode.swift; path = AccountRegistrationRequest.swift; sourceTree = "<group>"; };
/* End PBXFileReference section */

/* Begin PBXFrameworksBuildPhase section */
		19874B82263F34A900B172DE /* Frameworks */ = {
			isa = PBXFrameworksBuildPhase;
			buildActionMask = 2147483647;
			files = (
			);
			runOnlyForDeploymentPostprocessing = 0;
		};
		19874B93263F34AD00B172DE /* Frameworks */ = {
			isa = PBXFrameworksBuildPhase;
			buildActionMask = 2147483647;
			files = (
			);
			runOnlyForDeploymentPostprocessing = 0;
		};
		19874B9E263F34AD00B172DE /* Frameworks */ = {
			isa = PBXFrameworksBuildPhase;
			buildActionMask = 2147483647;
			files = (
			);
			runOnlyForDeploymentPostprocessing = 0;
		};
/* End PBXFrameworksBuildPhase section */

/* Begin PBXGroup section */
		19874B7C263F34A900B172DE = {
			isa = PBXGroup;
			children = (
				19874B87263F34A900B172DE /* Giftstory */,
				19874B99263F34AD00B172DE /* GiftstoryTests */,
				19874BA4263F34AD00B172DE /* GiftstoryUITests */,
				19874B86263F34A900B172DE /* Products */,
			);
			sourceTree = "<group>";
		};
		19874B86263F34A900B172DE /* Products */ = {
			isa = PBXGroup;
			children = (
				19874B85263F34A900B172DE /* Giftstory.app */,
				19874B96263F34AD00B172DE /* GiftstoryTests.xctest */,
				19874BA1263F34AD00B172DE /* GiftstoryUITests.xctest */,
			);
			name = Products;
			sourceTree = "<group>";
		};
		19874B87263F34A900B172DE /* Giftstory */ = {
			isa = PBXGroup;
			children = (
				19874BC4263F4C1A00B172DE /* AccountServices */,
				19874C1E263F86BA00B172DE /* Extensions */,
				19874BF6263F50C900B172DE /* Localization */,
				19874BD6263F4EF600B172DE /* Networking */,
				19874B88263F34A900B172DE /* GiftstoryApp.swift */,
				19874B8C263F34AD00B172DE /* Assets.xcassets */,
				19874B91263F34AD00B172DE /* Info.plist */,
				19874B8E263F34AD00B172DE /* Preview Content */,
			);
			path = Giftstory;
			sourceTree = "<group>";
		};
		19874B8E263F34AD00B172DE /* Preview Content */ = {
			isa = PBXGroup;
			children = (
				19874B8F263F34AD00B172DE /* Preview Assets.xcassets */,
			);
			path = "Preview Content";
			sourceTree = "<group>";
		};
		19874B99263F34AD00B172DE /* GiftstoryTests */ = {
			isa = PBXGroup;
			children = (
				19874B9A263F34AD00B172DE /* GiftstoryTests.swift */,
				19874B9C263F34AD00B172DE /* Info.plist */,
			);
			path = GiftstoryTests;
			sourceTree = "<group>";
		};
		19874BA4263F34AD00B172DE /* GiftstoryUITests */ = {
			isa = PBXGroup;
			children = (
				19874BA5263F34AD00B172DE /* GiftstoryUITests.swift */,
				19874BA7263F34AD00B172DE /* Info.plist */,
			);
			path = GiftstoryUITests;
			sourceTree = "<group>";
		};
		19874BC4263F4C1A00B172DE /* AccountServices */ = {
			isa = PBXGroup;
			children = (
				19874BC9263F4C7D00B172DE /* ForgotPassword */,
				19874BC5263F4C3A00B172DE /* Login */,
				19874BC7263F4C4B00B172DE /* Registration */,
			);
			path = AccountServices;
			sourceTree = "<group>";
		};
		19874BC5263F4C3A00B172DE /* Login */ = {
			isa = PBXGroup;
			children = (
				19874BD0263F4EC800B172DE /* Models */,
				19874BC6263F4C4000B172DE /* Views */,
			);
			path = Login;
			sourceTree = "<group>";
		};
		19874BC6263F4C4000B172DE /* Views */ = {
			isa = PBXGroup;
			children = (
				19874C07263F60E100B172DE /* HomeView.swift */,
				19874B8A263F34A900B172DE /* LoginView.swift */,
			);
			path = Views;
			sourceTree = "<group>";
		};
		19874BC7263F4C4B00B172DE /* Registration */ = {
			isa = PBXGroup;
			children = (
				19874C44263FA97600B172DE /* Models */,
				19874BC8263F4C5600B172DE /* Views */,
			);
			path = Registration;
			sourceTree = "<group>";
		};
		19874BC8263F4C5600B172DE /* Views */ = {
			isa = PBXGroup;
			children = (
				19874BBC263F42A000B172DE /* RegistrationView.swift */,
			);
			path = Views;
			sourceTree = "<group>";
		};
		19874BC9263F4C7D00B172DE /* ForgotPassword */ = {
			isa = PBXGroup;
			children = (
				19874C3E263FA52A00B172DE /* Models */,
				19874BCA263F4CA700B172DE /* Views */,
			);
			path = ForgotPassword;
			sourceTree = "<group>";
		};
		19874BCA263F4CA700B172DE /* Views */ = {
			isa = PBXGroup;
			children = (
				19874BCB263F4CBF00B172DE /* ForgotPasswordView.swift */,
			);
			path = Views;
			sourceTree = "<group>";
		};
		19874BD0263F4EC800B172DE /* Models */ = {
			isa = PBXGroup;
			children = (
				19874BD1263F4ED500B172DE /* LoginViewModel.swift */,
			);
			path = Models;
			sourceTree = "<group>";
		};
		19874BD6263F4EF600B172DE /* Networking */ = {
			isa = PBXGroup;
			children = (
				19874BEC263F4FCF00B172DE /* Protocols */,
				19874BDC263F4F3A00B172DE /* Services */,
			);
			path = Networking;
			sourceTree = "<group>";
		};
		19874BDC263F4F3A00B172DE /* Services */ = {
			isa = PBXGroup;
			children = (
				19874BED263F4FF000B172DE /* AccountServices */,
			);
			path = Services;
			sourceTree = "<group>";
		};
		19874BEC263F4FCF00B172DE /* Protocols */ = {
			isa = PBXGroup;
			children = (
				19874BD7263F4F1000B172DE /* APIFetchState.swift */,
				19874BE7263F4FAD00B172DE /* APIRequestable.swift */,
				19874BFF263F520800B172DE /* APIResponse.swift */,
				19874BE2263F4F9900B172DE /* APIServiceable.swift */,
			);
			path = Protocols;
			sourceTree = "<group>";
		};
		19874BED263F4FF000B172DE /* AccountServices */ = {
			isa = PBXGroup;
			children = (
				19874C32263F9EFF00B172DE /* Requests */,
				19874BDD263F4F4B00B172DE /* AccountService.swift */,
			);
			path = AccountServices;
			sourceTree = "<group>";
		};
		19874BF6263F50C900B172DE /* Localization */ = {
			isa = PBXGroup;
			children = (
				19874BF7263F50D900B172DE /* Constants.swift */,
			);
			path = Localization;
			sourceTree = "<group>";
		};
		19874C1E263F86BA00B172DE /* Extensions */ = {
			isa = PBXGroup;
			children = (
				19874C1F263F86E600B172DE /* Date+Extensions.swift */,
				19874C27263F86FC00B172DE /* String+Extensions.swift */,
			);
			path = Extensions;
			sourceTree = "<group>";
		};
		19874C32263F9EFF00B172DE /* Requests */ = {
			isa = PBXGroup;
			children = (
				19874C33263FA47100B172DE /* ForgotPasswordRequest.swift */,
				19874BEE263F500600B172DE /* LoginRequest.swift */,
				19874C4D263FA9CB00B172DE /* AccountRegistrationRequest.swift */,
			);
			path = Requests;
			sourceTree = "<group>";
		};
		19874C3E263FA52A00B172DE /* Models */ = {
			isa = PBXGroup;
			children = (
				19874C3F263FA53500B172DE /* ForgotPasswordViewModel.swift */,
			);
			path = Models;
			sourceTree = "<group>";
		};
		19874C44263FA97600B172DE /* Models */ = {
			isa = PBXGroup;
			children = (
				19874C45263FA98200B172DE /* RegistrationViewModel.swift */,
			);
			path = Models;
			sourceTree = "<group>";
		};
/* End PBXGroup section */

/* Begin PBXNativeTarget section */
		19874B84263F34A900B172DE /* Giftstory */ = {
			isa = PBXNativeTarget;
			buildConfigurationList = 19874BAA263F34AD00B172DE /* Build configuration list for PBXNativeTarget "Giftstory" */;
			buildPhases = (
				19874B81263F34A900B172DE /* Sources */,
				19874B82263F34A900B172DE /* Frameworks */,
				19874B83263F34A900B172DE /* Resources */,
			);
			buildRules = (
			);
			dependencies = (
			);
			name = Giftstory;
			productName = Giftstory;
			productReference = 19874B85263F34A900B172DE /* Giftstory.app */;
			productType = "com.apple.product-type.application";
		};
		19874B95263F34AD00B172DE /* GiftstoryTests */ = {
			isa = PBXNativeTarget;
			buildConfigurationList = 19874BAD263F34AD00B172DE /* Build configuration list for PBXNativeTarget "GiftstoryTests" */;
			buildPhases = (
				19874B92263F34AD00B172DE /* Sources */,
				19874B93263F34AD00B172DE /* Frameworks */,
				19874B94263F34AD00B172DE /* Resources */,
			);
			buildRules = (
			);
			dependencies = (
				19874B98263F34AD00B172DE /* PBXTargetDependency */,
			);
			name = GiftstoryTests;
			productName = GiftstoryTests;
			productReference = 19874B96263F34AD00B172DE /* GiftstoryTests.xctest */;
			productType = "com.apple.product-type.bundle.unit-test";
		};
		19874BA0263F34AD00B172DE /* GiftstoryUITests */ = {
			isa = PBXNativeTarget;
			buildConfigurationList = 19874BB0263F34AD00B172DE /* Build configuration list for PBXNativeTarget "GiftstoryUITests" */;
			buildPhases = (
				19874B9D263F34AD00B172DE /* Sources */,
				19874B9E263F34AD00B172DE /* Frameworks */,
				19874B9F263F34AD00B172DE /* Resources */,
			);
			buildRules = (
			);
			dependencies = (
				19874BA3263F34AD00B172DE /* PBXTargetDependency */,
			);
			name = GiftstoryUITests;
			productName = GiftstoryUITests;
			productReference = 19874BA1263F34AD00B172DE /* GiftstoryUITests.xctest */;
			productType = "com.apple.product-type.bundle.ui-testing";
		};
/* End PBXNativeTarget section */

/* Begin PBXProject section */
		19874B7D263F34A900B172DE /* Project object */ = {
			isa = PBXProject;
			attributes = {
				LastSwiftUpdateCheck = 1240;
				LastUpgradeCheck = 1240;
				TargetAttributes = {
					19874B84263F34A900B172DE = {
						CreatedOnToolsVersion = 12.4;
					};
					19874B95263F34AD00B172DE = {
						CreatedOnToolsVersion = 12.4;
						TestTargetID = 19874B84263F34A900B172DE;
					};
					19874BA0263F34AD00B172DE = {
						CreatedOnToolsVersion = 12.4;
						TestTargetID = 19874B84263F34A900B172DE;
					};
				};
			};
			buildConfigurationList = 19874B80263F34A900B172DE /* Build configuration list for PBXProject "Giftstory" */;
			compatibilityVersion = "Xcode 9.3";
			developmentRegion = en;
			hasScannedForEncodings = 0;
			knownRegions = (
				en,
				Base,
			);
			mainGroup = 19874B7C263F34A900B172DE;
			productRefGroup = 19874B86263F34A900B172DE /* Products */;
			projectDirPath = "";
			projectRoot = "";
			targets = (
				19874B84263F34A900B172DE /* Giftstory */,
				19874B95263F34AD00B172DE /* GiftstoryTests */,
				19874BA0263F34AD00B172DE /* GiftstoryUITests */,
			);
		};
/* End PBXProject section */

/* Begin PBXResourcesBuildPhase section */
		19874B83263F34A900B172DE /* Resources */ = {
			isa = PBXResourcesBuildPhase;
			buildActionMask = 2147483647;
			files = (
				19874B90263F34AD00B172DE /* Preview Assets.xcassets in Resources */,
				19874B8D263F34AD00B172DE /* Assets.xcassets in Resources */,
			);
			runOnlyForDeploymentPostprocessing = 0;
		};
		19874B94263F34AD00B172DE /* Resources */ = {
			isa = PBXResourcesBuildPhase;
			buildActionMask = 2147483647;
			files = (
			);
			runOnlyForDeploymentPostprocessing = 0;
		};
		19874B9F263F34AD00B172DE /* Resources */ = {
			isa = PBXResourcesBuildPhase;
			buildActionMask = 2147483647;
			files = (
			);
			runOnlyForDeploymentPostprocessing = 0;
		};
/* End PBXResourcesBuildPhase section */

/* Begin PBXSourcesBuildPhase section */
		19874B81263F34A900B172DE /* Sources */ = {
			isa = PBXSourcesBuildPhase;
			buildActionMask = 2147483647;
			files = (
				19874BBD263F42A000B172DE /* RegistrationView.swift in Sources */,
				19874C46263FA98200B172DE /* RegistrationViewModel.swift in Sources */,
				19874BF8263F50D900B172DE /* Constants.swift in Sources */,
				19874C08263F60E100B172DE /* HomeView.swift in Sources */,
				19874C34263FA47100B172DE /* ForgotPasswordRequest.swift in Sources */,
				19874C00263F520800B172DE /* APIResponse.swift in Sources */,
				19874C4E263FA9CB00B172DE /* AccountRegistrationRequest.swift in Sources */,
				19874B8B263F34A900B172DE /* LoginView.swift in Sources */,
				19874BCC263F4CBF00B172DE /* ForgotPasswordView.swift in Sources */,
				19874BEF263F500600B172DE /* LoginRequest.swift in Sources */,
				19874BD2263F4ED500B172DE /* LoginViewModel.swift in Sources */,
				19874BE8263F4FAD00B172DE /* APIRequestable.swift in Sources */,
				19874C20263F86E600B172DE /* Date+Extensions.swift in Sources */,
				19874C28263F86FC00B172DE /* String+Extensions.swift in Sources */,
				19874C40263FA53500B172DE /* ForgotPasswordViewModel.swift in Sources */,
				19874B89263F34A900B172DE /* GiftstoryApp.swift in Sources */,
				19874BD8263F4F1000B172DE /* APIFetchState.swift in Sources */,
				19874BE3263F4F9900B172DE /* APIServiceable.swift in Sources */,
				19874BDE263F4F4B00B172DE /* AccountService.swift in Sources */,
			);
			runOnlyForDeploymentPostprocessing = 0;
		};
		19874B92263F34AD00B172DE /* Sources */ = {
			isa = PBXSourcesBuildPhase;
			buildActionMask = 2147483647;
			files = (
				19874B9B263F34AD00B172DE /* GiftstoryTests.swift in Sources */,
			);
			runOnlyForDeploymentPostprocessing = 0;
		};
		19874B9D263F34AD00B172DE /* Sources */ = {
			isa = PBXSourcesBuildPhase;
			buildActionMask = 2147483647;
			files = (
				19874BA6263F34AD00B172DE /* GiftstoryUITests.swift in Sources */,
			);
			runOnlyForDeploymentPostprocessing = 0;
		};
/* End PBXSourcesBuildPhase section */

/* Begin PBXTargetDependency section */
		19874B98263F34AD00B172DE /* PBXTargetDependency */ = {
			isa = PBXTargetDependency;
			target = 19874B84263F34A900B172DE /* Giftstory */;
			targetProxy = 19874B97263F34AD00B172DE /* PBXContainerItemProxy */;
		};
		19874BA3263F34AD00B172DE /* PBXTargetDependency */ = {
			isa = PBXTargetDependency;
			target = 19874B84263F34A900B172DE /* Giftstory */;
			targetProxy = 19874BA2263F34AD00B172DE /* PBXContainerItemProxy */;
		};
/* End PBXTargetDependency section */

/* Begin XCBuildConfiguration section */
		19874BA8263F34AD00B172DE /* Debug */ = {
			isa = XCBuildConfiguration;
			buildSettings = {
				ALWAYS_SEARCH_USER_PATHS = NO;
				CLANG_ANALYZER_NONNULL = YES;
				CLANG_ANALYZER_NUMBER_OBJECT_CONVERSION = YES_AGGRESSIVE;
				CLANG_CXX_LANGUAGE_STANDARD = "gnu++14";
				CLANG_CXX_LIBRARY = "libc++";
				CLANG_ENABLE_MODULES = YES;
				CLANG_ENABLE_OBJC_ARC = YES;
				CLANG_ENABLE_OBJC_WEAK = YES;
				CLANG_WARN_BLOCK_CAPTURE_AUTORELEASING = YES;
				CLANG_WARN_BOOL_CONVERSION = YES;
				CLANG_WARN_COMMA = YES;
				CLANG_WARN_CONSTANT_CONVERSION = YES;
				CLANG_WARN_DEPRECATED_OBJC_IMPLEMENTATIONS = YES;
				CLANG_WARN_DIRECT_OBJC_ISA_USAGE = YES_ERROR;
				CLANG_WARN_DOCUMENTATION_COMMENTS = YES;
				CLANG_WARN_EMPTY_BODY = YES;
				CLANG_WARN_ENUM_CONVERSION = YES;
				CLANG_WARN_INFINITE_RECURSION = YES;
				CLANG_WARN_INT_CONVERSION = YES;
				CLANG_WARN_NON_LITERAL_NULL_CONVERSION = YES;
				CLANG_WARN_OBJC_IMPLICIT_RETAIN_SELF = YES;
				CLANG_WARN_OBJC_LITERAL_CONVERSION = YES;
				CLANG_WARN_OBJC_ROOT_CLASS = YES_ERROR;
				CLANG_WARN_QUOTED_INCLUDE_IN_FRAMEWORK_HEADER = YES;
				CLANG_WARN_RANGE_LOOP_ANALYSIS = YES;
				CLANG_WARN_STRICT_PROTOTYPES = YES;
				CLANG_WARN_SUSPICIOUS_MOVE = YES;
				CLANG_WARN_UNGUARDED_AVAILABILITY = YES_AGGRESSIVE;
				CLANG_WARN_UNREACHABLE_CODE = YES;
				CLANG_WARN__DUPLICATE_METHOD_MATCH = YES;
				COPY_PHASE_STRIP = NO;
				DEBUG_INFORMATION_FORMAT = dwarf;
				ENABLE_STRICT_OBJC_MSGSEND = YES;
				ENABLE_TESTABILITY = YES;
				GCC_C_LANGUAGE_STANDARD = gnu11;
				GCC_DYNAMIC_NO_PIC = NO;
				GCC_NO_COMMON_BLOCKS = YES;
				GCC_OPTIMIZATION_LEVEL = 0;
				GCC_PREPROCESSOR_DEFINITIONS = (
					"DEBUG=1",
					"$(inherited)",
				);
				GCC_WARN_64_TO_32_BIT_CONVERSION = YES;
				GCC_WARN_ABOUT_RETURN_TYPE = YES_ERROR;
				GCC_WARN_UNDECLARED_SELECTOR = YES;
				GCC_WARN_UNINITIALIZED_AUTOS = YES_AGGRESSIVE;
				GCC_WARN_UNUSED_FUNCTION = YES;
				GCC_WARN_UNUSED_VARIABLE = YES;
				IPHONEOS_DEPLOYMENT_TARGET = 14.4;
				MTL_ENABLE_DEBUG_INFO = INCLUDE_SOURCE;
				MTL_FAST_MATH = YES;
				ONLY_ACTIVE_ARCH = YES;
				SDKROOT = iphoneos;
				SWIFT_ACTIVE_COMPILATION_CONDITIONS = DEBUG;
				SWIFT_OPTIMIZATION_LEVEL = "-Onone";
			};
			name = Debug;
		};
		19874BA9263F34AD00B172DE /* Release */ = {
			isa = XCBuildConfiguration;
			buildSettings = {
				ALWAYS_SEARCH_USER_PATHS = NO;
				CLANG_ANALYZER_NONNULL = YES;
				CLANG_ANALYZER_NUMBER_OBJECT_CONVERSION = YES_AGGRESSIVE;
				CLANG_CXX_LANGUAGE_STANDARD = "gnu++14";
				CLANG_CXX_LIBRARY = "libc++";
				CLANG_ENABLE_MODULES = YES;
				CLANG_ENABLE_OBJC_ARC = YES;
				CLANG_ENABLE_OBJC_WEAK = YES;
				CLANG_WARN_BLOCK_CAPTURE_AUTORELEASING = YES;
				CLANG_WARN_BOOL_CONVERSION = YES;
				CLANG_WARN_COMMA = YES;
				CLANG_WARN_CONSTANT_CONVERSION = YES;
				CLANG_WARN_DEPRECATED_OBJC_IMPLEMENTATIONS = YES;
				CLANG_WARN_DIRECT_OBJC_ISA_USAGE = YES_ERROR;
				CLANG_WARN_DOCUMENTATION_COMMENTS = YES;
				CLANG_WARN_EMPTY_BODY = YES;
				CLANG_WARN_ENUM_CONVERSION = YES;
				CLANG_WARN_INFINITE_RECURSION = YES;
				CLANG_WARN_INT_CONVERSION = YES;
				CLANG_WARN_NON_LITERAL_NULL_CONVERSION = YES;
				CLANG_WARN_OBJC_IMPLICIT_RETAIN_SELF = YES;
				CLANG_WARN_OBJC_LITERAL_CONVERSION = YES;
				CLANG_WARN_OBJC_ROOT_CLASS = YES_ERROR;
				CLANG_WARN_QUOTED_INCLUDE_IN_FRAMEWORK_HEADER = YES;
				CLANG_WARN_RANGE_LOOP_ANALYSIS = YES;
				CLANG_WARN_STRICT_PROTOTYPES = YES;
				CLANG_WARN_SUSPICIOUS_MOVE = YES;
				CLANG_WARN_UNGUARDED_AVAILABILITY = YES_AGGRESSIVE;
				CLANG_WARN_UNREACHABLE_CODE = YES;
				CLANG_WARN__DUPLICATE_METHOD_MATCH = YES;
				COPY_PHASE_STRIP = NO;
				DEBUG_INFORMATION_FORMAT = "dwarf-with-dsym";
				ENABLE_NS_ASSERTIONS = NO;
				ENABLE_STRICT_OBJC_MSGSEND = YES;
				GCC_C_LANGUAGE_STANDARD = gnu11;
				GCC_NO_COMMON_BLOCKS = YES;
				GCC_WARN_64_TO_32_BIT_CONVERSION = YES;
				GCC_WARN_ABOUT_RETURN_TYPE = YES_ERROR;
				GCC_WARN_UNDECLARED_SELECTOR = YES;
				GCC_WARN_UNINITIALIZED_AUTOS = YES_AGGRESSIVE;
				GCC_WARN_UNUSED_FUNCTION = YES;
				GCC_WARN_UNUSED_VARIABLE = YES;
				IPHONEOS_DEPLOYMENT_TARGET = 14.4;
				MTL_ENABLE_DEBUG_INFO = NO;
				MTL_FAST_MATH = YES;
				SDKROOT = iphoneos;
				SWIFT_COMPILATION_MODE = wholemodule;
				SWIFT_OPTIMIZATION_LEVEL = "-O";
				VALIDATE_PRODUCT = YES;
			};
			name = Release;
		};
		19874BAB263F34AD00B172DE /* Debug */ = {
			isa = XCBuildConfiguration;
			buildSettings = {
				ASSETCATALOG_COMPILER_APPICON_NAME = AppIcon;
				ASSETCATALOG_COMPILER_GLOBAL_ACCENT_COLOR_NAME = AccentColor;
				CODE_SIGN_STYLE = Automatic;
				DEVELOPMENT_ASSET_PATHS = "\"Giftstory/Preview Content\"";
				DEVELOPMENT_TEAM = 2U7U8L936R;
				ENABLE_PREVIEWS = YES;
				INFOPLIST_FILE = Giftstory/Info.plist;
				IPHONEOS_DEPLOYMENT_TARGET = 14.0;
				LD_RUNPATH_SEARCH_PATHS = (
					"$(inherited)",
					"@executable_path/Frameworks",
				);
				PRODUCT_BUNDLE_IDENTIFIER = Logismiko.Giftstory;
				PRODUCT_NAME = "$(TARGET_NAME)";
				SWIFT_VERSION = 5.0;
				TARGETED_DEVICE_FAMILY = "1,2";
			};
			name = Debug;
		};
		19874BAC263F34AD00B172DE /* Release */ = {
			isa = XCBuildConfiguration;
			buildSettings = {
				ASSETCATALOG_COMPILER_APPICON_NAME = AppIcon;
				ASSETCATALOG_COMPILER_GLOBAL_ACCENT_COLOR_NAME = AccentColor;
				CODE_SIGN_STYLE = Automatic;
				DEVELOPMENT_ASSET_PATHS = "\"Giftstory/Preview Content\"";
				DEVELOPMENT_TEAM = 2U7U8L936R;
				ENABLE_PREVIEWS = YES;
				INFOPLIST_FILE = Giftstory/Info.plist;
				IPHONEOS_DEPLOYMENT_TARGET = 14.0;
				LD_RUNPATH_SEARCH_PATHS = (
					"$(inherited)",
					"@executable_path/Frameworks",
				);
				PRODUCT_BUNDLE_IDENTIFIER = Logismiko.Giftstory;
				PRODUCT_NAME = "$(TARGET_NAME)";
				SWIFT_VERSION = 5.0;
				TARGETED_DEVICE_FAMILY = "1,2";
			};
			name = Release;
		};
		19874BAE263F34AD00B172DE /* Debug */ = {
			isa = XCBuildConfiguration;
			buildSettings = {
				ALWAYS_EMBED_SWIFT_STANDARD_LIBRARIES = YES;
				BUNDLE_LOADER = "$(TEST_HOST)";
				CODE_SIGN_STYLE = Automatic;
				DEVELOPMENT_TEAM = 2U7U8L936R;
				INFOPLIST_FILE = GiftstoryTests/Info.plist;
				IPHONEOS_DEPLOYMENT_TARGET = 14.0;
				LD_RUNPATH_SEARCH_PATHS = (
					"$(inherited)",
					"@executable_path/Frameworks",
					"@loader_path/Frameworks",
				);
				PRODUCT_BUNDLE_IDENTIFIER = Logismiko.GiftstoryTests;
				PRODUCT_NAME = "$(TARGET_NAME)";
				SWIFT_VERSION = 5.0;
				TARGETED_DEVICE_FAMILY = "1,2";
				TEST_HOST = "$(BUILT_PRODUCTS_DIR)/Giftstory.app/Giftstory";
			};
			name = Debug;
		};
		19874BAF263F34AD00B172DE /* Release */ = {
			isa = XCBuildConfiguration;
			buildSettings = {
				ALWAYS_EMBED_SWIFT_STANDARD_LIBRARIES = YES;
				BUNDLE_LOADER = "$(TEST_HOST)";
				CODE_SIGN_STYLE = Automatic;
				DEVELOPMENT_TEAM = 2U7U8L936R;
				INFOPLIST_FILE = GiftstoryTests/Info.plist;
				IPHONEOS_DEPLOYMENT_TARGET = 14.0;
				LD_RUNPATH_SEARCH_PATHS = (
					"$(inherited)",
					"@executable_path/Frameworks",
					"@loader_path/Frameworks",
				);
				PRODUCT_BUNDLE_IDENTIFIER = Logismiko.GiftstoryTests;
				PRODUCT_NAME = "$(TARGET_NAME)";
				SWIFT_VERSION = 5.0;
				TARGETED_DEVICE_FAMILY = "1,2";
				TEST_HOST = "$(BUILT_PRODUCTS_DIR)/Giftstory.app/Giftstory";
			};
			name = Release;
		};
		19874BB1263F34AD00B172DE /* Debug */ = {
			isa = XCBuildConfiguration;
			buildSettings = {
				ALWAYS_EMBED_SWIFT_STANDARD_LIBRARIES = YES;
				CODE_SIGN_STYLE = Automatic;
				DEVELOPMENT_TEAM = 2U7U8L936R;
				INFOPLIST_FILE = GiftstoryUITests/Info.plist;
				LD_RUNPATH_SEARCH_PATHS = (
					"$(inherited)",
					"@executable_path/Frameworks",
					"@loader_path/Frameworks",
				);
				PRODUCT_BUNDLE_IDENTIFIER = Logismiko.GiftstoryUITests;
				PRODUCT_NAME = "$(TARGET_NAME)";
				SWIFT_VERSION = 5.0;
				TARGETED_DEVICE_FAMILY = "1,2";
				TEST_TARGET_NAME = Giftstory;
			};
			name = Debug;
		};
		19874BB2263F34AD00B172DE /* Release */ = {
			isa = XCBuildConfiguration;
			buildSettings = {
				ALWAYS_EMBED_SWIFT_STANDARD_LIBRARIES = YES;
				CODE_SIGN_STYLE = Automatic;
				DEVELOPMENT_TEAM = 2U7U8L936R;
				INFOPLIST_FILE = GiftstoryUITests/Info.plist;
				LD_RUNPATH_SEARCH_PATHS = (
					"$(inherited)",
					"@executable_path/Frameworks",
					"@loader_path/Frameworks",
				);
				PRODUCT_BUNDLE_IDENTIFIER = Logismiko.GiftstoryUITests;
				PRODUCT_NAME = "$(TARGET_NAME)";
				SWIFT_VERSION = 5.0;
				TARGETED_DEVICE_FAMILY = "1,2";
				TEST_TARGET_NAME = Giftstory;
			};
			name = Release;
		};
/* End XCBuildConfiguration section */

/* Begin XCConfigurationList section */
		19874B80263F34A900B172DE /* Build configuration list for PBXProject "Giftstory" */ = {
			isa = XCConfigurationList;
			buildConfigurations = (
				19874BA8263F34AD00B172DE /* Debug */,
				19874BA9263F34AD00B172DE /* Release */,
			);
			defaultConfigurationIsVisible = 0;
			defaultConfigurationName = Release;
		};
		19874BAA263F34AD00B172DE /* Build configuration list for PBXNativeTarget "Giftstory" */ = {
			isa = XCConfigurationList;
			buildConfigurations = (
				19874BAB263F34AD00B172DE /* Debug */,
				19874BAC263F34AD00B172DE /* Release */,
			);
			defaultConfigurationIsVisible = 0;
			defaultConfigurationName = Release;
		};
		19874BAD263F34AD00B172DE /* Build configuration list for PBXNativeTarget "GiftstoryTests" */ = {
			isa = XCConfigurationList;
			buildConfigurations = (
				19874BAE263F34AD00B172DE /* Debug */,
				19874BAF263F34AD00B172DE /* Release */,
			);
			defaultConfigurationIsVisible = 0;
			defaultConfigurationName = Release;
		};
		19874BB0263F34AD00B172DE /* Build configuration list for PBXNativeTarget "GiftstoryUITests" */ = {
			isa = XCConfigurationList;
			buildConfigurations = (
				19874BB1263F34AD00B172DE /* Debug */,
				19874BB2263F34AD00B172DE /* Release */,
			);
			defaultConfigurationIsVisible = 0;
			defaultConfigurationName = Release;
		};
/* End XCConfigurationList section */
	};
	rootObject = 19874B7D263F34A900B172DE /* Project object */;
}
